
Microsoft Visual Studio Solution File, Format Version 12.00
# Visual Studio Version 17
VisualStudioVersion = 17.14.36915.13 d17.14
MinimumVisualStudioVersion = 10.0.40219.1
Project("{FAE04EC0-301F-11D3-BF4B-00C04F79EFBC}") = "PackingGM", "PackingGM\PackingGM.csproj", "{C8D344B2-4945-4706-861B-966573EC5923}"
EndProject
Global
	GlobalSection(SolutionConfigurationPlatforms) = preSolution
		Debug|Any CPU = Debug|Any CPU
		Release|Any CPU = Release|Any CPU
	EndGlobalSection
	GlobalSection(ProjectConfigurationPlatforms) = postSolution
		{C8D344B2-4945-4706-861B-966573EC5923}.Debug|Any CPU.ActiveCfg = Debug|Any CPU
		{C8D344B2-4945-4706-861B-966573EC5923}.Debug|Any CPU.Build.0 = Debug|Any CPU
		{C8D344B2-4945-4706-861B-966573EC5923}.Release|Any CPU.ActiveCfg = Release|Any CPU
		{C8D344B2-4945-4706-861B-966573EC5923}.Release|Any CPU.Build.0 = Release|Any CPU
	EndGlobalSection
	GlobalSection(SolutionProperties) = preSolution
		HideSolutionNode = FALSE
	EndGlobalSection
	GlobalSection(ExtensibilityGlobals) = postSolution
		SolutionGuid = {3D93636E-FA38-4627-A288-E1EE5249FB26}
	EndGlobalSection
EndGlobal
